// !$*UTF8*$!
{
	archiveVersion = 1;
	classes = {
	};
	objectVersion = 56;
	objects = {

/* Begin PBXBuildFile section */
		210ADCBE2A70FAA300DAC88D /* PortfolioView.swift in Sources */ = {isa = PBXBuildFile; fileRef = 210ADCBD2A70FAA300DAC88D /* PortfolioView.swift */; };
		210ADCC02A71113700DAC88D /* XMarkButton.swift in Sources */ = {isa = PBXBuildFile; fileRef = 210ADCBF2A71113700DAC88D /* XMarkButton.swift */; };
		210ADCC22A711DE200DAC88D /* CoinLogoView.swift in Sources */ = {isa = PBXBuildFile; fileRef = 210ADCC12A711DE200DAC88D /* CoinLogoView.swift */; };
		210ADCC42A7156B900DAC88D /* PortfolioDataService.swift in Sources */ = {isa = PBXBuildFile; fileRef = 210ADCC32A7156B900DAC88D /* PortfolioDataService.swift */; };
		21144A642A763DF900F254A1 /* DetailView.swift in Sources */ = {isa = PBXBuildFile; fileRef = 21144A632A763DF900F254A1 /* DetailView.swift */; };
		21144A662A765D9700F254A1 /* DetailViewModel.swift in Sources */ = {isa = PBXBuildFile; fileRef = 21144A652A765D9700F254A1 /* DetailViewModel.swift */; };
		21144A682A765DB500F254A1 /* CoinDetailDataService.swift in Sources */ = {isa = PBXBuildFile; fileRef = 21144A672A765DB500F254A1 /* CoinDetailDataService.swift */; };
		21144A6A2A7690DF00F254A1 /* ChartView.swift in Sources */ = {isa = PBXBuildFile; fileRef = 21144A692A7690DF00F254A1 /* ChartView.swift */; };
		21144A6C2A76A1D800F254A1 /* Date.swift in Sources */ = {isa = PBXBuildFile; fileRef = 21144A6B2A76A1D800F254A1 /* Date.swift */; };
		21144A6E2A76B76C00F254A1 /* String.swift in Sources */ = {isa = PBXBuildFile; fileRef = 21144A6D2A76B76C00F254A1 /* String.swift */; };
		2180191F2A72A0E9002BF761 /* HapticManager.swift in Sources */ = {isa = PBXBuildFile; fileRef = 2180191E2A72A0E9002BF761 /* HapticManager.swift */; };
		2197A7FD2A6FA06A008A1870 /* CoinDataService.swift in Sources */ = {isa = PBXBuildFile; fileRef = 2197A7FC2A6FA06A008A1870 /* CoinDataService.swift */; };
		2197A8002A6FAE49008A1870 /* NetworkingManager.swift in Sources */ = {isa = PBXBuildFile; fileRef = 2197A7FF2A6FAE49008A1870 /* NetworkingManager.swift */; };
		2197A8032A6FB523008A1870 /* CoinImageView.swift in Sources */ = {isa = PBXBuildFile; fileRef = 2197A8022A6FB523008A1870 /* CoinImageView.swift */; };
		2197A8052A6FB550008A1870 /* CoinImageViewModel.swift in Sources */ = {isa = PBXBuildFile; fileRef = 2197A8042A6FB550008A1870 /* CoinImageViewModel.swift */; };
		2197A8072A6FB699008A1870 /* CoinImageSerivce.swift in Sources */ = {isa = PBXBuildFile; fileRef = 2197A8062A6FB699008A1870 /* CoinImageSerivce.swift */; };
		2197A8092A6FCD11008A1870 /* LocalFileManager.swift in Sources */ = {isa = PBXBuildFile; fileRef = 2197A8082A6FCD11008A1870 /* LocalFileManager.swift */; };
		2197A80B2A6FE31C008A1870 /* SearchBarView.swift in Sources */ = {isa = PBXBuildFile; fileRef = 2197A80A2A6FE31C008A1870 /* SearchBarView.swift */; };
		21B9A58A2A77AAE400BF9D68 /* SettingsView.swift in Sources */ = {isa = PBXBuildFile; fileRef = 21B9A5892A77AAE400BF9D68 /* SettingsView.swift */; };
		21B9A58E2A77D13E00BF9D68 /* LaunchScreen.storyboard in Resources */ = {isa = PBXBuildFile; fileRef = 21B9A58D2A77D13E00BF9D68 /* LaunchScreen.storyboard */; };
		21B9A5902A77D2B100BF9D68 /* LaunchView.swift in Sources */ = {isa = PBXBuildFile; fileRef = 21B9A58F2A77D2B100BF9D68 /* LaunchView.swift */; };
		21DEF8C62A6FEB560065C9D8 /* UIApplication.swift in Sources */ = {isa = PBXBuildFile; fileRef = 21DEF8C52A6FEB560065C9D8 /* UIApplication.swift */; };
		21DEF8C82A70010E0065C9D8 /* StatisticView.swift in Sources */ = {isa = PBXBuildFile; fileRef = 21DEF8C72A70010E0065C9D8 /* StatisticView.swift */; };
		21DEF8CA2A7007910065C9D8 /* HomeStatsView.swift in Sources */ = {isa = PBXBuildFile; fileRef = 21DEF8C92A7007910065C9D8 /* HomeStatsView.swift */; };
		21DEF8CC2A70160D0065C9D8 /* MarketDataService.swift in Sources */ = {isa = PBXBuildFile; fileRef = 21DEF8CB2A70160D0065C9D8 /* MarketDataService.swift */; };
		21F509EF2A6E63C900856319 /* MoCryptoApp.swift in Sources */ = {isa = PBXBuildFile; fileRef = 21F509EE2A6E63C900856319 /* MoCryptoApp.swift */; };
		21F509F62A6E63CB00856319 /* Preview Assets.xcassets in Resources */ = {isa = PBXBuildFile; fileRef = 21F509F52A6E63CB00856319 /* Preview Assets.xcassets */; };
		21F509FD2A6E675000856319 /* Assets.xcassets in Resources */ = {isa = PBXBuildFile; fileRef = 21F509FC2A6E675000856319 /* Assets.xcassets */; };
		21F50A002A6E6B9900856319 /* Color.swift in Sources */ = {isa = PBXBuildFile; fileRef = 21F509FF2A6E6B9900856319 /* Color.swift */; };
		21F50A062A6E709600856319 /* HomeView.swift in Sources */ = {isa = PBXBuildFile; fileRef = 21F50A052A6E709600856319 /* HomeView.swift */; };
		21F50A0A2A6E73CA00856319 /* CircleButtonView.swift in Sources */ = {isa = PBXBuildFile; fileRef = 21F50A092A6E73CA00856319 /* CircleButtonView.swift */; };
		21F50A0C2A6E781700856319 /* CircleButtonAnimationView.swift in Sources */ = {isa = PBXBuildFile; fileRef = 21F50A0B2A6E781700856319 /* CircleButtonAnimationView.swift */; };
		21F50A142A6E810700856319 /* CoinModel.swift in Sources */ = {isa = PBXBuildFile; fileRef = 21F50A0E2A6E810700856319 /* CoinModel.swift */; };
		21F50A152A6E810700856319 /* MarketDataModel.swift in Sources */ = {isa = PBXBuildFile; fileRef = 21F50A0F2A6E810700856319 /* MarketDataModel.swift */; };
		21F50A162A6E810700856319 /* PortfolioContainer.xcdatamodeld in Sources */ = {isa = PBXBuildFile; fileRef = 21F50A102A6E810700856319 /* PortfolioContainer.xcdatamodeld */; };
		21F50A172A6E810700856319 /* StatisticModel.swift in Sources */ = {isa = PBXBuildFile; fileRef = 21F50A122A6E810700856319 /* StatisticModel.swift */; };
		21F50A182A6E810700856319 /* CoinDetailModel.swift in Sources */ = {isa = PBXBuildFile; fileRef = 21F50A132A6E810700856319 /* CoinDetailModel.swift */; };
		21F50A1A2A6E850B00856319 /* CoinRowView.swift in Sources */ = {isa = PBXBuildFile; fileRef = 21F50A192A6E850B00856319 /* CoinRowView.swift */; };
		21F50A1C2A6E857100856319 /* PreviewProvider.swift in Sources */ = {isa = PBXBuildFile; fileRef = 21F50A1B2A6E857100856319 /* PreviewProvider.swift */; };
		21F50A1E2A6E9B8900856319 /* Double.swift in Sources */ = {isa = PBXBuildFile; fileRef = 21F50A1D2A6E9B8900856319 /* Double.swift */; };
		21F50A202A6EAFA000856319 /* HomeViewModel.swift in Sources */ = {isa = PBXBuildFile; fileRef = 21F50A1F2A6EAFA000856319 /* HomeViewModel.swift */; };
/* End PBXBuildFile section */

/* Begin PBXFileReference section */
		210ADCBD2A70FAA300DAC88D /* PortfolioView.swift */ = {isa = PBXFileReference; lastKnownFileType = sourcecode.swift; path = PortfolioView.swift; sourceTree = "<group>"; };
		210ADCBF2A71113700DAC88D /* XMarkButton.swift */ = {isa = PBXFileReference; lastKnownFileType = sourcecode.swift; path = XMarkButton.swift; sourceTree = "<group>"; };
		210ADCC12A711DE200DAC88D /* CoinLogoView.swift */ = {isa = PBXFileReference; lastKnownFileType = sourcecode.swift; path = CoinLogoView.swift; sourceTree = "<group>"; };
		210ADCC32A7156B900DAC88D /* PortfolioDataService.swift */ = {isa = PBXFileReference; lastKnownFileType = sourcecode.swift; path = PortfolioDataService.swift; sourceTree = "<group>"; };
		21144A632A763DF900F254A1 /* DetailView.swift */ = {isa = PBXFileReference; lastKnownFileType = sourcecode.swift; path = DetailView.swift; sourceTree = "<group>"; };
		21144A652A765D9700F254A1 /* DetailViewModel.swift */ = {isa = PBXFileReference; lastKnownFileType = sourcecode.swift; path = DetailViewModel.swift; sourceTree = "<group>"; };
		21144A672A765DB500F254A1 /* CoinDetailDataService.swift */ = {isa = PBXFileReference; lastKnownFileType = sourcecode.swift; path = CoinDetailDataService.swift; sourceTree = "<group>"; };
		21144A692A7690DF00F254A1 /* ChartView.swift */ = {isa = PBXFileReference; lastKnownFileType = sourcecode.swift; path = ChartView.swift; sourceTree = "<group>"; };
		21144A6B2A76A1D800F254A1 /* Date.swift */ = {isa = PBXFileReference; lastKnownFileType = sourcecode.swift; path = Date.swift; sourceTree = "<group>"; };
		21144A6D2A76B76C00F254A1 /* String.swift */ = {isa = PBXFileReference; lastKnownFileType = sourcecode.swift; path = String.swift; sourceTree = "<group>"; };
		2180191E2A72A0E9002BF761 /* HapticManager.swift */ = {isa = PBXFileReference; lastKnownFileType = sourcecode.swift; path = HapticManager.swift; sourceTree = "<group>"; };
		2197A7FC2A6FA06A008A1870 /* CoinDataService.swift */ = {isa = PBXFileReference; lastKnownFileType = sourcecode.swift; path = CoinDataService.swift; sourceTree = "<group>"; };
		2197A7FF2A6FAE49008A1870 /* NetworkingManager.swift */ = {isa = PBXFileReference; lastKnownFileType = sourcecode.swift; path = NetworkingManager.swift; sourceTree = "<group>"; };
		2197A8022A6FB523008A1870 /* CoinImageView.swift */ = {isa = PBXFileReference; lastKnownFileType = sourcecode.swift; path = CoinImageView.swift; sourceTree = "<group>"; };
		2197A8042A6FB550008A1870 /* CoinImageViewModel.swift */ = {isa = PBXFileReference; lastKnownFileType = sourcecode.swift; path = CoinImageViewModel.swift; sourceTree = "<group>"; };
		2197A8062A6FB699008A1870 /* CoinImageSerivce.swift */ = {isa = PBXFileReference; lastKnownFileType = sourcecode.swift; path = CoinImageSerivce.swift; sourceTree = "<group>"; };
		2197A8082A6FCD11008A1870 /* LocalFileManager.swift */ = {isa = PBXFileReference; lastKnownFileType = sourcecode.swift; path = LocalFileManager.swift; sourceTree = "<group>"; };
		2197A80A2A6FE31C008A1870 /* SearchBarView.swift */ = {isa = PBXFileReference; lastKnownFileType = sourcecode.swift; path = SearchBarView.swift; sourceTree = "<group>"; };
		21B9A5892A77AAE400BF9D68 /* SettingsView.swift */ = {isa = PBXFileReference; lastKnownFileType = sourcecode.swift; path = SettingsView.swift; sourceTree = "<group>"; };
		21B9A58D2A77D13E00BF9D68 /* LaunchScreen.storyboard */ = {isa = PBXFileReference; lastKnownFileType = file.storyboard; path = LaunchScreen.storyboard; sourceTree = "<group>"; };
		21B9A58F2A77D2B100BF9D68 /* LaunchView.swift */ = {isa = PBXFileReference; lastKnownFileType = sourcecode.swift; path = LaunchView.swift; sourceTree = "<group>"; };
		21DEF8C52A6FEB560065C9D8 /* UIApplication.swift */ = {isa = PBXFileReference; lastKnownFileType = sourcecode.swift; path = UIApplication.swift; sourceTree = "<group>"; };
		21DEF8C72A70010E0065C9D8 /* StatisticView.swift */ = {isa = PBXFileReference; lastKnownFileType = sourcecode.swift; path = StatisticView.swift; sourceTree = "<group>"; };
		21DEF8C92A7007910065C9D8 /* HomeStatsView.swift */ = {isa = PBXFileReference; lastKnownFileType = sourcecode.swift; path = HomeStatsView.swift; sourceTree = "<group>"; };
		21DEF8CB2A70160D0065C9D8 /* MarketDataService.swift */ = {isa = PBXFileReference; lastKnownFileType = sourcecode.swift; path = MarketDataService.swift; sourceTree = "<group>"; };
		21F509EB2A6E63C900856319 /* MoCrypto.app */ = {isa = PBXFileReference; explicitFileType = wrapper.application; includeInIndex = 0; path = MoCrypto.app; sourceTree = BUILT_PRODUCTS_DIR; };
		21F509EE2A6E63C900856319 /* MoCryptoApp.swift */ = {isa = PBXFileReference; lastKnownFileType = sourcecode.swift; path = MoCryptoApp.swift; sourceTree = "<group>"; };
		21F509F52A6E63CB00856319 /* Preview Assets.xcassets */ = {isa = PBXFileReference; lastKnownFileType = folder.assetcatalog; path = "Preview Assets.xcassets"; sourceTree = "<group>"; };
		21F509FC2A6E675000856319 /* Assets.xcassets */ = {isa = PBXFileReference; lastKnownFileType = folder.assetcatalog; name = Assets.xcassets; path = ../../../../Downloads/Resources/Assets.xcassets; sourceTree = "<group>"; };
		21F509FF2A6E6B9900856319 /* Color.swift */ = {isa = PBXFileReference; lastKnownFileType = sourcecode.swift; path = Color.swift; sourceTree = "<group>"; };
		21F50A052A6E709600856319 /* HomeView.swift */ = {isa = PBXFileReference; lastKnownFileType = sourcecode.swift; path = HomeView.swift; sourceTree = "<group>"; };
		21F50A092A6E73CA00856319 /* CircleButtonView.swift */ = {isa = PBXFileReference; lastKnownFileType = sourcecode.swift; path = CircleButtonView.swift; sourceTree = "<group>"; };
		21F50A0B2A6E781700856319 /* CircleButtonAnimationView.swift */ = {isa = PBXFileReference; lastKnownFileType = sourcecode.swift; path = CircleButtonAnimationView.swift; sourceTree = "<group>"; };
		21F50A0E2A6E810700856319 /* CoinModel.swift */ = {isa = PBXFileReference; fileEncoding = 4; lastKnownFileType = sourcecode.swift; path = CoinModel.swift; sourceTree = "<group>"; };
		21F50A0F2A6E810700856319 /* MarketDataModel.swift */ = {isa = PBXFileReference; fileEncoding = 4; lastKnownFileType = sourcecode.swift; path = MarketDataModel.swift; sourceTree = "<group>"; };
		21F50A112A6E810700856319 /* PortfolioContainer.xcdatamodel */ = {isa = PBXFileReference; lastKnownFileType = wrapper.xcdatamodel; path = PortfolioContainer.xcdatamodel; sourceTree = "<group>"; };
		21F50A122A6E810700856319 /* StatisticModel.swift */ = {isa = PBXFileReference; fileEncoding = 4; lastKnownFileType = sourcecode.swift; path = StatisticModel.swift; sourceTree = "<group>"; };
		21F50A132A6E810700856319 /* CoinDetailModel.swift */ = {isa = PBXFileReference; fileEncoding = 4; lastKnownFileType = sourcecode.swift; path = CoinDetailModel.swift; sourceTree = "<group>"; };
		21F50A192A6E850B00856319 /* CoinRowView.swift */ = {isa = PBXFileReference; lastKnownFileType = sourcecode.swift; path = CoinRowView.swift; sourceTree = "<group>"; };
		21F50A1B2A6E857100856319 /* PreviewProvider.swift */ = {isa = PBXFileReference; lastKnownFileType = sourcecode.swift; path = PreviewProvider.swift; sourceTree = "<group>"; };
		21F50A1D2A6E9B8900856319 /* Double.swift */ = {isa = PBXFileReference; lastKnownFileType = sourcecode.swift; path = Double.swift; sourceTree = "<group>"; };
		21F50A1F2A6EAFA000856319 /* HomeViewModel.swift */ = {isa = PBXFileReference; lastKnownFileType = sourcecode.swift; path = HomeViewModel.swift; sourceTree = "<group>"; };
/* End PBXFileReference section */

/* Begin PBXFrameworksBuildPhase section */
		21F509E82A6E63C900856319 /* Frameworks */ = {
			isa = PBXFrameworksBuildPhase;
			buildActionMask = 2147483647;
			files = (
			);
			runOnlyForDeploymentPostprocessing = 0;
		};
/* End PBXFrameworksBuildPhase section */

/* Begin PBXGroup section */
		21144A602A763DAD00F254A1 /* Detail */ = {
			isa = PBXGroup;
			children = (
				21144A612A763DCF00F254A1 /* ViewModels */,
				21144A622A763DDC00F254A1 /* Views */,
			);
			path = Detail;
			sourceTree = "<group>";
		};
		21144A612A763DCF00F254A1 /* ViewModels */ = {
			isa = PBXGroup;
			children = (
				21144A652A765D9700F254A1 /* DetailViewModel.swift */,
			);
			path = ViewModels;
			sourceTree = "<group>";
		};
		21144A622A763DDC00F254A1 /* Views */ = {
			isa = PBXGroup;
			children = (
				21144A632A763DF900F254A1 /* DetailView.swift */,
				21144A692A7690DF00F254A1 /* ChartView.swift */,
			);
			path = Views;
			sourceTree = "<group>";
		};
		2197A7FB2A6FA043008A1870 /* Services */ = {
			isa = PBXGroup;
			children = (
				2197A7FC2A6FA06A008A1870 /* CoinDataService.swift */,
				2197A8062A6FB699008A1870 /* CoinImageSerivce.swift */,
				21DEF8CB2A70160D0065C9D8 /* MarketDataService.swift */,
				210ADCC32A7156B900DAC88D /* PortfolioDataService.swift */,
				21144A672A765DB500F254A1 /* CoinDetailDataService.swift */,
			);
			path = Services;
			sourceTree = "<group>";
		};
		2197A7FE2A6FADD3008A1870 /* Utilities */ = {
			isa = PBXGroup;
			children = (
				2197A7FF2A6FAE49008A1870 /* NetworkingManager.swift */,
				2197A8082A6FCD11008A1870 /* LocalFileManager.swift */,
				2180191E2A72A0E9002BF761 /* HapticManager.swift */,
			);
			path = Utilities;
			sourceTree = "<group>";
		};
		2197A8012A6FB50A008A1870 /* CoinImage */ = {
			isa = PBXGroup;
			children = (
				2197A8022A6FB523008A1870 /* CoinImageView.swift */,
				2197A8042A6FB550008A1870 /* CoinImageViewModel.swift */,
				210ADCC12A711DE200DAC88D /* CoinLogoView.swift */,
			);
			path = CoinImage;
			sourceTree = "<group>";
		};
		21B9A5872A77AAAD00BF9D68 /* Settings */ = {
			isa = PBXGroup;
			children = (
				21B9A5882A77AACE00BF9D68 /* Views */,
			);
			path = Settings;
			sourceTree = "<group>";
		};
		21B9A5882A77AACE00BF9D68 /* Views */ = {
			isa = PBXGroup;
			children = (
				21B9A5892A77AAE400BF9D68 /* SettingsView.swift */,
			);
			path = Views;
			sourceTree = "<group>";
		};
		21B9A58B2A77D10B00BF9D68 /* Launch */ = {
			isa = PBXGroup;
			children = (
				21B9A58C2A77D12800BF9D68 /* Views */,
			);
			path = Launch;
			sourceTree = "<group>";
		};
		21B9A58C2A77D12800BF9D68 /* Views */ = {
			isa = PBXGroup;
			children = (
				21B9A58D2A77D13E00BF9D68 /* LaunchScreen.storyboard */,
				21B9A58F2A77D2B100BF9D68 /* LaunchView.swift */,
			);
			path = Views;
			sourceTree = "<group>";
		};
		21F509E22A6E63C900856319 = {
			isa = PBXGroup;
			children = (
				21F509ED2A6E63C900856319 /* MoCrypto */,
				21F509EC2A6E63C900856319 /* Products */,
			);
			sourceTree = "<group>";
		};
		21F509EC2A6E63C900856319 /* Products */ = {
			isa = PBXGroup;
			children = (
				21F509EB2A6E63C900856319 /* MoCrypto.app */,
			);
			name = Products;
			sourceTree = "<group>";
		};
		21F509ED2A6E63C900856319 /* MoCrypto */ = {
			isa = PBXGroup;
			children = (
				21F509EE2A6E63C900856319 /* MoCryptoApp.swift */,
				2197A7FE2A6FADD3008A1870 /* Utilities */,
				2197A7FB2A6FA043008A1870 /* Services */,
				21F509FE2A6E6B8700856319 /* Extensions */,
				21F50A0D2A6E810700856319 /* Models */,
				21F50A012A6E705600856319 /* Core */,
				21F509FC2A6E675000856319 /* Assets.xcassets */,
				21F509F42A6E63CB00856319 /* Preview Content */,
			);
			path = MoCrypto;
			sourceTree = "<group>";
		};
		21F509F42A6E63CB00856319 /* Preview Content */ = {
			isa = PBXGroup;
			children = (
				21F509F52A6E63CB00856319 /* Preview Assets.xcassets */,
			);
			path = "Preview Content";
			sourceTree = "<group>";
		};
		21F509FE2A6E6B8700856319 /* Extensions */ = {
			isa = PBXGroup;
			children = (
				21F509FF2A6E6B9900856319 /* Color.swift */,
				21F50A1B2A6E857100856319 /* PreviewProvider.swift */,
				21F50A1D2A6E9B8900856319 /* Double.swift */,
				21DEF8C52A6FEB560065C9D8 /* UIApplication.swift */,
				21144A6B2A76A1D800F254A1 /* Date.swift */,
				21144A6D2A76B76C00F254A1 /* String.swift */,
			);
			path = Extensions;
			sourceTree = "<group>";
		};
		21F50A012A6E705600856319 /* Core */ = {
			isa = PBXGroup;
			children = (
				21F50A072A6E739A00856319 /* Components */,
				21B9A58B2A77D10B00BF9D68 /* Launch */,
				21F50A022A6E706400856319 /* Home */,
				21144A602A763DAD00F254A1 /* Detail */,
				21B9A5872A77AAAD00BF9D68 /* Settings */,
			);
			path = Core;
			sourceTree = "<group>";
		};
		21F50A022A6E706400856319 /* Home */ = {
			isa = PBXGroup;
			children = (
				21F50A042A6E707D00856319 /* ViewModels */,
				21F50A032A6E707100856319 /* Views */,
			);
			path = Home;
			sourceTree = "<group>";
		};
		21F50A032A6E707100856319 /* Views */ = {
			isa = PBXGroup;
			children = (
				21F50A052A6E709600856319 /* HomeView.swift */,
				21DEF8C92A7007910065C9D8 /* HomeStatsView.swift */,
				21F50A192A6E850B00856319 /* CoinRowView.swift */,
				210ADCBD2A70FAA300DAC88D /* PortfolioView.swift */,
			);
			path = Views;
			sourceTree = "<group>";
		};
		21F50A042A6E707D00856319 /* ViewModels */ = {
			isa = PBXGroup;
			children = (
				21F50A1F2A6EAFA000856319 /* HomeViewModel.swift */,
			);
			path = ViewModels;
			sourceTree = "<group>";
		};
		21F50A072A6E739A00856319 /* Components */ = {
			isa = PBXGroup;
			children = (
				2197A8012A6FB50A008A1870 /* CoinImage */,
				21F50A082A6E73B200856319 /* CircleButton */,
				2197A80A2A6FE31C008A1870 /* SearchBarView.swift */,
				21DEF8C72A70010E0065C9D8 /* StatisticView.swift */,
				210ADCBF2A71113700DAC88D /* XMarkButton.swift */,
			);
			path = Components;
			sourceTree = "<group>";
		};
		21F50A082A6E73B200856319 /* CircleButton */ = {
			isa = PBXGroup;
			children = (
				21F50A092A6E73CA00856319 /* CircleButtonView.swift */,
				21F50A0B2A6E781700856319 /* CircleButtonAnimationView.swift */,
			);
			path = CircleButton;
			sourceTree = "<group>";
		};
		21F50A0D2A6E810700856319 /* Models */ = {
			isa = PBXGroup;
			children = (
				21F50A0E2A6E810700856319 /* CoinModel.swift */,
				21F50A0F2A6E810700856319 /* MarketDataModel.swift */,
				21F50A102A6E810700856319 /* PortfolioContainer.xcdatamodeld */,
				21F50A122A6E810700856319 /* StatisticModel.swift */,
				21F50A132A6E810700856319 /* CoinDetailModel.swift */,
			);
			path = Models;
			sourceTree = "<group>";
		};
/* End PBXGroup section */

/* Begin PBXNativeTarget section */
		21F509EA2A6E63C900856319 /* MoCrypto */ = {
			isa = PBXNativeTarget;
			buildConfigurationList = 21F509F92A6E63CB00856319 /* Build configuration list for PBXNativeTarget "MoCrypto" */;
			buildPhases = (
				21F509E72A6E63C900856319 /* Sources */,
				21F509E82A6E63C900856319 /* Frameworks */,
				21F509E92A6E63C900856319 /* Resources */,
			);
			buildRules = (
			);
			dependencies = (
			);
			name = MoCrypto;
			productName = MoCrypto;
			productReference = 21F509EB2A6E63C900856319 /* MoCrypto.app */;
			productType = "com.apple.product-type.application";
		};
/* End PBXNativeTarget section */

/* Begin PBXProject section */
		21F509E32A6E63C900856319 /* Project object */ = {
			isa = PBXProject;
			attributes = {
				BuildIndependentTargetsInParallel = 1;
				LastSwiftUpdateCheck = 1430;
				LastUpgradeCheck = 1430;
				TargetAttributes = {
					21F509EA2A6E63C900856319 = {
						CreatedOnToolsVersion = 14.3.1;
					};
				};
			};
			buildConfigurationList = 21F509E62A6E63C900856319 /* Build configuration list for PBXProject "MoCrypto" */;
			compatibilityVersion = "Xcode 14.0";
			developmentRegion = en;
			hasScannedForEncodings = 0;
			knownRegions = (
				en,
				Base,
			);
			mainGroup = 21F509E22A6E63C900856319;
			productRefGroup = 21F509EC2A6E63C900856319 /* Products */;
			projectDirPath = "";
			projectRoot = "";
			targets = (
				21F509EA2A6E63C900856319 /* MoCrypto */,
			);
		};
/* End PBXProject section */

/* Begin PBXResourcesBuildPhase section */
		21F509E92A6E63C900856319 /* Resources */ = {
			isa = PBXResourcesBuildPhase;
			buildActionMask = 2147483647;
			files = (
				21B9A58E2A77D13E00BF9D68 /* LaunchScreen.storyboard in Resources */,
				21F509F62A6E63CB00856319 /* Preview Assets.xcassets in Resources */,
				21F509FD2A6E675000856319 /* Assets.xcassets in Resources */,
			);
			runOnlyForDeploymentPostprocessing = 0;
		};
/* End PBXResourcesBuildPhase section */

/* Begin PBXSourcesBuildPhase section */
		21F509E72A6E63C900856319 /* Sources */ = {
			isa = PBXSourcesBuildPhase;
			buildActionMask = 2147483647;
			files = (
				21DEF8C62A6FEB560065C9D8 /* UIApplication.swift in Sources */,
				21DEF8C82A70010E0065C9D8 /* StatisticView.swift in Sources */,
				2197A8002A6FAE49008A1870 /* NetworkingManager.swift in Sources */,
				21144A6A2A7690DF00F254A1 /* ChartView.swift in Sources */,
				210ADCC02A71113700DAC88D /* XMarkButton.swift in Sources */,
				21F50A1A2A6E850B00856319 /* CoinRowView.swift in Sources */,
				21DEF8CA2A7007910065C9D8 /* HomeStatsView.swift in Sources */,
				21144A6C2A76A1D800F254A1 /* Date.swift in Sources */,
				2197A8072A6FB699008A1870 /* CoinImageSerivce.swift in Sources */,
				21F50A172A6E810700856319 /* StatisticModel.swift in Sources */,
				210ADCBE2A70FAA300DAC88D /* PortfolioView.swift in Sources */,
				210ADCC42A7156B900DAC88D /* PortfolioDataService.swift in Sources */,
				21F50A062A6E709600856319 /* HomeView.swift in Sources */,
				2197A8032A6FB523008A1870 /* CoinImageView.swift in Sources */,
				2197A7FD2A6FA06A008A1870 /* CoinDataService.swift in Sources */,
				21B9A5902A77D2B100BF9D68 /* LaunchView.swift in Sources */,
				21F509EF2A6E63C900856319 /* MoCryptoApp.swift in Sources */,
				21F50A0A2A6E73CA00856319 /* CircleButtonView.swift in Sources */,
				21DEF8CC2A70160D0065C9D8 /* MarketDataService.swift in Sources */,
				21F50A1E2A6E9B8900856319 /* Double.swift in Sources */,
				21F50A002A6E6B9900856319 /* Color.swift in Sources */,
				21F50A162A6E810700856319 /* PortfolioContainer.xcdatamodeld in Sources */,
				21F50A182A6E810700856319 /* CoinDetailModel.swift in Sources */,
				21F50A0C2A6E781700856319 /* CircleButtonAnimationView.swift in Sources */,
				210ADCC22A711DE200DAC88D /* CoinLogoView.swift in Sources */,
				21F50A142A6E810700856319 /* CoinModel.swift in Sources */,
				21F50A152A6E810700856319 /* MarketDataModel.swift in Sources */,
				21144A6E2A76B76C00F254A1 /* String.swift in Sources */,
				21144A642A763DF900F254A1 /* DetailView.swift in Sources */,
				2197A8052A6FB550008A1870 /* CoinImageViewModel.swift in Sources */,
				2197A80B2A6FE31C008A1870 /* SearchBarView.swift in Sources */,
				21F50A202A6EAFA000856319 /* HomeViewModel.swift in Sources */,
				21F50A1C2A6E857100856319 /* PreviewProvider.swift in Sources */,
				2180191F2A72A0E9002BF761 /* HapticManager.swift in Sources */,
				21144A682A765DB500F254A1 /* CoinDetailDataService.swift in Sources */,
				21144A662A765D9700F254A1 /* DetailViewModel.swift in Sources */,
				2197A8092A6FCD11008A1870 /* LocalFileManager.swift in Sources */,
				21B9A58A2A77AAE400BF9D68 /* SettingsView.swift in Sources */,
			);
			runOnlyForDeploymentPostprocessing = 0;
		};
/* End PBXSourcesBuildPhase section */

/* Begin XCBuildConfiguration section */
		21F509F72A6E63CB00856319 /* Debug */ = {
			isa = XCBuildConfiguration;
			buildSettings = {
				ALWAYS_SEARCH_USER_PATHS = NO;
				CLANG_ANALYZER_NONNULL = YES;
				CLANG_ANALYZER_NUMBER_OBJECT_CONVERSION = YES_AGGRESSIVE;
				CLANG_CXX_LANGUAGE_STANDARD = "gnu++20";
				CLANG_ENABLE_MODULES = YES;
				CLANG_ENABLE_OBJC_ARC = YES;
				CLANG_ENABLE_OBJC_WEAK = YES;
				CLANG_WARN_BLOCK_CAPTURE_AUTORELEASING = YES;
				CLANG_WARN_BOOL_CONVERSION = YES;
				CLANG_WARN_COMMA = YES;
				CLANG_WARN_CONSTANT_CONVERSION = YES;
				CLANG_WARN_DEPRECATED_OBJC_IMPLEMENTATIONS = YES;
				CLANG_WARN_DIRECT_OBJC_ISA_USAGE = YES_ERROR;
				CLANG_WARN_DOCUMENTATION_COMMENTS = YES;
				CLANG_WARN_EMPTY_BODY = YES;
				CLANG_WARN_ENUM_CONVERSION = YES;
				CLANG_WARN_INFINITE_RECURSION = YES;
				CLANG_WARN_INT_CONVERSION = YES;
				CLANG_WARN_NON_LITERAL_NULL_CONVERSION = YES;
				CLANG_WARN_OBJC_IMPLICIT_RETAIN_SELF = YES;
				CLANG_WARN_OBJC_LITERAL_CONVERSION = YES;
				CLANG_WARN_OBJC_ROOT_CLASS = YES_ERROR;
				CLANG_WARN_QUOTED_INCLUDE_IN_FRAMEWORK_HEADER = YES;
				CLANG_WARN_RANGE_LOOP_ANALYSIS = YES;
				CLANG_WARN_STRICT_PROTOTYPES = YES;
				CLANG_WARN_SUSPICIOUS_MOVE = YES;
				CLANG_WARN_UNGUARDED_AVAILABILITY = YES_AGGRESSIVE;
				CLANG_WARN_UNREACHABLE_CODE = YES;
				CLANG_WARN__DUPLICATE_METHOD_MATCH = YES;
				COPY_PHASE_STRIP = NO;
				DEBUG_INFORMATION_FORMAT = dwarf;
				ENABLE_STRICT_OBJC_MSGSEND = YES;
				ENABLE_TESTABILITY = YES;
				GCC_C_LANGUAGE_STANDARD = gnu11;
				GCC_DYNAMIC_NO_PIC = NO;
				GCC_NO_COMMON_BLOCKS = YES;
				GCC_OPTIMIZATION_LEVEL = 0;
				GCC_PREPROCESSOR_DEFINITIONS = (
					"DEBUG=1",
					"$(inherited)",
				);
				GCC_WARN_64_TO_32_BIT_CONVERSION = YES;
				GCC_WARN_ABOUT_RETURN_TYPE = YES_ERROR;
				GCC_WARN_UNDECLARED_SELECTOR = YES;
				GCC_WARN_UNINITIALIZED_AUTOS = YES_AGGRESSIVE;
				GCC_WARN_UNUSED_FUNCTION = YES;
				GCC_WARN_UNUSED_VARIABLE = YES;
				IPHONEOS_DEPLOYMENT_TARGET = 16.4;
				MTL_ENABLE_DEBUG_INFO = INCLUDE_SOURCE;
				MTL_FAST_MATH = YES;
				ONLY_ACTIVE_ARCH = YES;
				SDKROOT = iphoneos;
				SWIFT_ACTIVE_COMPILATION_CONDITIONS = DEBUG;
				SWIFT_OPTIMIZATION_LEVEL = "-Onone";
			};
			name = Debug;
		};
		21F509F82A6E63CB00856319 /* Release */ = {
			isa = XCBuildConfiguration;
			buildSettings = {
				ALWAYS_SEARCH_USER_PATHS = NO;
				CLANG_ANALYZER_NONNULL = YES;
				CLANG_ANALYZER_NUMBER_OBJECT_CONVERSION = YES_AGGRESSIVE;
				CLANG_CXX_LANGUAGE_STANDARD = "gnu++20";
				CLANG_ENABLE_MODULES = YES;
				CLANG_ENABLE_OBJC_ARC = YES;
				CLANG_ENABLE_OBJC_WEAK = YES;
				CLANG_WARN_BLOCK_CAPTURE_AUTORELEASING = YES;
				CLANG_WARN_BOOL_CONVERSION = YES;
				CLANG_WARN_COMMA = YES;
				CLANG_WARN_CONSTANT_CONVERSION = YES;
				CLANG_WARN_DEPRECATED_OBJC_IMPLEMENTATIONS = YES;
				CLANG_WARN_DIRECT_OBJC_ISA_USAGE = YES_ERROR;
				CLANG_WARN_DOCUMENTATION_COMMENTS = YES;
				CLANG_WARN_EMPTY_BODY = YES;
				CLANG_WARN_ENUM_CONVERSION = YES;
				CLANG_WARN_INFINITE_RECURSION = YES;
				CLANG_WARN_INT_CONVERSION = YES;
				CLANG_WARN_NON_LITERAL_NULL_CONVERSION = YES;
				CLANG_WARN_OBJC_IMPLICIT_RETAIN_SELF = YES;
				CLANG_WARN_OBJC_LITERAL_CONVERSION = YES;
				CLANG_WARN_OBJC_ROOT_CLASS = YES_ERROR;
				CLANG_WARN_QUOTED_INCLUDE_IN_FRAMEWORK_HEADER = YES;
				CLANG_WARN_RANGE_LOOP_ANALYSIS = YES;
				CLANG_WARN_STRICT_PROTOTYPES = YES;
				CLANG_WARN_SUSPICIOUS_MOVE = YES;
				CLANG_WARN_UNGUARDED_AVAILABILITY = YES_AGGRESSIVE;
				CLANG_WARN_UNREACHABLE_CODE = YES;
				CLANG_WARN__DUPLICATE_METHOD_MATCH = YES;
				COPY_PHASE_STRIP = NO;
				DEBUG_INFORMATION_FORMAT = "dwarf-with-dsym";
				ENABLE_NS_ASSERTIONS = NO;
				ENABLE_STRICT_OBJC_MSGSEND = YES;
				GCC_C_LANGUAGE_STANDARD = gnu11;
				GCC_NO_COMMON_BLOCKS = YES;
				GCC_WARN_64_TO_32_BIT_CONVERSION = YES;
				GCC_WARN_ABOUT_RETURN_TYPE = YES_ERROR;
				GCC_WARN_UNDECLARED_SELECTOR = YES;
				GCC_WARN_UNINITIALIZED_AUTOS = YES_AGGRESSIVE;
				GCC_WARN_UNUSED_FUNCTION = YES;
				GCC_WARN_UNUSED_VARIABLE = YES;
				IPHONEOS_DEPLOYMENT_TARGET = 16.4;
				MTL_ENABLE_DEBUG_INFO = NO;
				MTL_FAST_MATH = YES;
				SDKROOT = iphoneos;
				SWIFT_COMPILATION_MODE = wholemodule;
				SWIFT_OPTIMIZATION_LEVEL = "-O";
				VALIDATE_PRODUCT = YES;
			};
			name = Release;
		};
		21F509FA2A6E63CB00856319 /* Debug */ = {
			isa = XCBuildConfiguration;
			buildSettings = {
				ASSETCATALOG_COMPILER_APPICON_NAME = AppIcon;
				ASSETCATALOG_COMPILER_GLOBAL_ACCENT_COLOR_NAME = AccentColor;
				CODE_SIGN_STYLE = Automatic;
				CURRENT_PROJECT_VERSION = 1;
				DEVELOPMENT_ASSET_PATHS = "\"MoCrypto/Preview Content\"";
				ENABLE_PREVIEWS = YES;
				GENERATE_INFOPLIST_FILE = YES;
				INFOPLIST_KEY_CFBundleDisplayName = Crypto;
				INFOPLIST_KEY_UIApplicationSceneManifest_Generation = YES;
				INFOPLIST_KEY_UIApplicationSupportsIndirectInputEvents = YES;
				INFOPLIST_KEY_UILaunchStoryboardName = LaunchScreen.storyboard;
				INFOPLIST_KEY_UISupportedInterfaceOrientations = UIInterfaceOrientationPortrait;
				INFOPLIST_KEY_UISupportedInterfaceOrientations_iPad = "UIInterfaceOrientationPortrait UIInterfaceOrientationPortraitUpsideDown";
				LD_RUNPATH_SEARCH_PATHS = (
					"$(inherited)",
					"@executable_path/Frameworks",
				);
				MARKETING_VERSION = 1.0;
				PRODUCT_BUNDLE_IDENTIFIER = com.mo.aziz.MoCrypto;
				PRODUCT_NAME = "$(TARGET_NAME)";
				SWIFT_EMIT_LOC_STRINGS = YES;
				SWIFT_VERSION = 5.0;
				TARGETED_DEVICE_FAMILY = "1,2";
			};
			name = Debug;
		};
		21F509FB2A6E63CB00856319 /* Release */ = {
			isa = XCBuildConfiguration;
			buildSettings = {
				ASSETCATALOG_COMPILER_APPICON_NAME = AppIcon;
				ASSETCATALOG_COMPILER_GLOBAL_ACCENT_COLOR_NAME = AccentColor;
				CODE_SIGN_STYLE = Automatic;
				CURRENT_PROJECT_VERSION = 1;
				DEVELOPMENT_ASSET_PATHS = "\"MoCrypto/Preview Content\"";
				ENABLE_PREVIEWS = YES;
				GENERATE_INFOPLIST_FILE = YES;
				INFOPLIST_KEY_CFBundleDisplayName = Crypto;
				INFOPLIST_KEY_UIApplicationSceneManifest_Generation = YES;
				INFOPLIST_KEY_UIApplicationSupportsIndirectInputEvents = YES;
				INFOPLIST_KEY_UILaunchStoryboardName = LaunchScreen.storyboard;
				INFOPLIST_KEY_UISupportedInterfaceOrientations = UIInterfaceOrientationPortrait;
				INFOPLIST_KEY_UISupportedInterfaceOrientations_iPad = "UIInterfaceOrientationPortrait UIInterfaceOrientationPortraitUpsideDown";
				LD_RUNPATH_SEARCH_PATHS = (
					"$(inherited)",
					"@executable_path/Frameworks",
				);
				MARKETING_VERSION = 1.0;
				PRODUCT_BUNDLE_IDENTIFIER = com.mo.aziz.MoCrypto;
				PRODUCT_NAME = "$(TARGET_NAME)";
				SWIFT_EMIT_LOC_STRINGS = YES;
				SWIFT_VERSION = 5.0;
				TARGETED_DEVICE_FAMILY = "1,2";
			};
			name = Release;
		};
/* End XCBuildConfiguration section */

/* Begin XCConfigurationList section */
		21F509E62A6E63C900856319 /* Build configuration list for PBXProject "MoCrypto" */ = {
			isa = XCConfigurationList;
			buildConfigurations = (
				21F509F72A6E63CB00856319 /* Debug */,
				21F509F82A6E63CB00856319 /* Release */,
			);
			defaultConfigurationIsVisible = 0;
			defaultConfigurationName = Release;
		};
		21F509F92A6E63CB00856319 /* Build configuration list for PBXNativeTarget "MoCrypto" */ = {
			isa = XCConfigurationList;
			buildConfigurations = (
				21F509FA2A6E63CB00856319 /* Debug */,
				21F509FB2A6E63CB00856319 /* Release */,
			);
			defaultConfigurationIsVisible = 0;
			defaultConfigurationName = Release;
		};
/* End XCConfigurationList section */

/* Begin XCVersionGroup section */
		21F50A102A6E810700856319 /* PortfolioContainer.xcdatamodeld */ = {
			isa = XCVersionGroup;
			children = (
				21F50A112A6E810700856319 /* PortfolioContainer.xcdatamodel */,
			);
			currentVersion = 21F50A112A6E810700856319 /* PortfolioContainer.xcdatamodel */;
			path = PortfolioContainer.xcdatamodeld;
			sourceTree = "<group>";
			versionGroupType = wrapper.xcdatamodel;
		};
/* End XCVersionGroup section */
	};
	rootObject = 21F509E32A6E63C900856319 /* Project object */;
}
